<?xml version="1.0" encoding="utf-8"?>
<Project ToolsVersion="4.0" xmlns="http://schemas.microsoft.com/developer/msbuild/2003">
  <ItemGroup>
    <Filter Include="Source Files">
      <UniqueIdentifier>{4FC737F1-C7A5-4376-A066-2A32D752A2FF}</UniqueIdentifier>
      <Extensions>cpp;c;cc;cxx;c++;cppm;ixx;def;odl;idl;hpj;bat;asm;asmx</Extensions>
    </Filter>
    <Filter Include="Header Files">
      <UniqueIdentifier>{93995380-89BD-4b04-88EB-625FBE52EBFB}</UniqueIdentifier>
      <Extensions>h;hh;hpp;hxx;h++;hm;inl;inc;ipp;xsd</Extensions>
    </Filter>
    <Filter Include="Resource Files">
      <UniqueIdentifier>{67DA6AB6-F800-4c08-8B7A-83BB121AAD01}</UniqueIdentifier>
      <Extensions>rc;ico;cur;bmp;dlg;rc2;rct;bin;rgs;gif;jpg;jpeg;jpe;resx;tiff;tif;png;wav;mfcribbon-ms</Extensions>
    </Filter>
    <Filter Include="Inventory">
      <UniqueIdentifier>{f5dd2c18-a31c-4d0f-bd4a-44ecd27e1a7b}</UniqueIdentifier>
    </Filter>
  </ItemGroup>
  <ItemGroup>
    <ClCompile Include="FormativeInventory.cpp">
      <Filter>Source Files</Filter>
    </ClCompile>
    <ClCompile Include="Inventory\Inventory.cpp">
      <Filter>Inventory</Filter>
    </ClCompile>
    <ClCompile Include="Item\Item.cpp">
      <Filter>Source Files</Filter>
    </ClCompile>
    <ClCompile Include="Item\Potion\Potion.cpp">
      <Filter>Source Files</Filter>
    </ClCompile>
    <ClCompile Include="Item\Potion\Potions\HealthPotion.cpp">
      <Filter>Source Files</Filter>
    </ClCompile>
    <ClCompile Include="Item\Potion\Potions\StrengthPotion.cpp">
      <Filter>Source Files</Filter>
    </ClCompile>
    <ClCompile Include="Item\Weapon\Weapon.cpp">
      <Filter>Source Files</Filter>
    </ClCompile>
    <ClCompile Include="Item\Weapon\Weapons\Bow.cpp">
      <Filter>Source Files</Filter>
    </ClCompile>
    <ClCompile Include="Item\Weapon\Weapons\Sword.cpp">
      <Filter>Source Files</Filter>
    </ClCompile>
    <ClCompile Include="Item\Map\Map.cpp">
      <Filter>Source Files</Filter>
    </ClCompile>
    <ClCompile Include="utility\Utility.cpp">
      <Filter>Source Files</Filter>
    </ClCompile>
  </ItemGroup>
  <ItemGroup>
    <ClInclude Include="Inventory\Inventory.h">
      <Filter>Inventory</Filter>
    </ClInclude>
    <ClInclude Include="Item\Item.h">
      <Filter>Header Files</Filter>
    </ClInclude>
    <ClInclude Include="Item\Potion\Potion.h">
      <Filter>Header Files</Filter>
    </ClInclude>
    <ClInclude Include="Item\Potion\Potions\HealthPotion.h">
      <Filter>Header Files</Filter>
    </ClInclude>
    <ClInclude Include="Item\Potion\Potions\StrengthPotion.h">
      <Filter>Header Files</Filter>
    </ClInclude>
    <ClInclude Include="Item\Weapon\Weapon.h">
      <Filter>Header Files</Filter>
    </ClInclude>
    <ClInclude Include="Item\Weapon\Weapons\Bow.h">
      <Filter>Header Files</Filter>
    </ClInclude>
    <ClInclude Include="Item\Weapon\Weapons\Sword.h">
      <Filter>Header Files</Filter>
    </ClInclude>
    <ClInclude Include="Item\Map\Map.h">
      <Filter>Header Files</Filter>
    </ClInclude>
    <ClInclude Include="utility\Utility.h">
      <Filter>Header Files</Filter>
    </ClInclude>
  </ItemGroup>
</Project>